
Microsoft Visual Studio Solution File, Format Version 12.00
# Visual Studio 2013
VisualStudioVersion = 12.0.21005.1
MinimumVisualStudioVersion = 10.0.40219.1
Project("{FAE04EC0-301F-11D3-BF4B-00C04F79EFBC}") = "Procrastiwiki.Test.Unit", "Procrastiwiki.Test.Unit\Procrastiwiki.Test.Unit.csproj", "{AF929836-CC76-4787-A5B6-60CD1ED51EE6}"
EndProject
Project("{FAE04EC0-301F-11D3-BF4B-00C04F79EFBC}") = "Procrastiwiki.Core", "Procrastiwiki.Core\Procrastiwiki.Core.csproj", "{FF753988-D45A-4A14-ADDE-4E930F256D67}"
EndProject
Project("{FAE04EC0-301F-11D3-BF4B-00C04F79EFBC}") = "Procrastiwiki.Model", "Procrastiwiki.Model\Procrastiwiki.Model.csproj", "{8DAB70DB-4F31-4456-8CF7-DAE1595D71EC}"
EndProject
Project("{FAE04EC0-301F-11D3-BF4B-00C04F79EFBC}") = "Procrastiwiki.Test.Integration", "Procrastiwiki.Test.Integration\Procrastiwiki.Test.Integration.csproj", "{760E8BE3-4269-4D2D-8CE6-B10019850267}"
EndProject
Project("{2150E333-8FDC-42A3-9474-1A3956D46DE8}") = "Test", "Test", "{21FC0C5E-FFDF-45CA-ABD2-AEDC1BAC68E5}"
EndProject
Global
	GlobalSection(SolutionConfigurationPlatforms) = preSolution
		Debug|Any CPU = Debug|Any CPU
		Release|Any CPU = Release|Any CPU
	EndGlobalSection
	GlobalSection(ProjectConfigurationPlatforms) = postSolution
		{AF929836-CC76-4787-A5B6-60CD1ED51EE6}.Debug|Any CPU.ActiveCfg = Debug|Any CPU
		{AF929836-CC76-4787-A5B6-60CD1ED51EE6}.Debug|Any CPU.Build.0 = Debug|Any CPU
		{AF929836-CC76-4787-A5B6-60CD1ED51EE6}.Release|Any CPU.ActiveCfg = Release|Any CPU
		{AF929836-CC76-4787-A5B6-60CD1ED51EE6}.Release|Any CPU.Build.0 = Release|Any CPU
		{FF753988-D45A-4A14-ADDE-4E930F256D67}.Debug|Any CPU.ActiveCfg = Debug|Any CPU
		{FF753988-D45A-4A14-ADDE-4E930F256D67}.Debug|Any CPU.Build.0 = Debug|Any CPU
		{FF753988-D45A-4A14-ADDE-4E930F256D67}.Release|Any CPU.ActiveCfg = Release|Any CPU
		{FF753988-D45A-4A14-ADDE-4E930F256D67}.Release|Any CPU.Build.0 = Release|Any CPU
		{8DAB70DB-4F31-4456-8CF7-DAE1595D71EC}.Debug|Any CPU.ActiveCfg = Debug|Any CPU
		{8DAB70DB-4F31-4456-8CF7-DAE1595D71EC}.Debug|Any CPU.Build.0 = Debug|Any CPU
		{8DAB70DB-4F31-4456-8CF7-DAE1595D71EC}.Release|Any CPU.ActiveCfg = Release|Any CPU
		{8DAB70DB-4F31-4456-8CF7-DAE1595D71EC}.Release|Any CPU.Build.0 = Release|Any CPU
		{760E8BE3-4269-4D2D-8CE6-B10019850267}.Debug|Any CPU.ActiveCfg = Debug|Any CPU
		{760E8BE3-4269-4D2D-8CE6-B10019850267}.Debug|Any CPU.Build.0 = Debug|Any CPU
		{760E8BE3-4269-4D2D-8CE6-B10019850267}.Release|Any CPU.ActiveCfg = Release|Any CPU
		{760E8BE3-4269-4D2D-8CE6-B10019850267}.Release|Any CPU.Build.0 = Release|Any CPU
	EndGlobalSection
	GlobalSection(SolutionProperties) = preSolution
		HideSolutionNode = FALSE
	EndGlobalSection
	GlobalSection(NestedProjects) = preSolution
		{760E8BE3-4269-4D2D-8CE6-B10019850267} = {21FC0C5E-FFDF-45CA-ABD2-AEDC1BAC68E5}
		{AF929836-CC76-4787-A5B6-60CD1ED51EE6} = {21FC0C5E-FFDF-45CA-ABD2-AEDC1BAC68E5}
	EndGlobalSection
EndGlobal
